
Microsoft Visual Studio Solution File, Format Version 12.00
# Visual Studio Version 17
VisualStudioVersion = 17.8.34330.188
MinimumVisualStudioVersion = 10.0.40219.1
Project("{9A19103F-16F7-4668-BE54-9A1E7A4F7556}") = "Equestrian_Knights", "Equestrian_Knights.csproj", "{EE40076C-980C-44F7-89A6-701383A6635A}"
EndProject
Global
	GlobalSection(SolutionConfigurationPlatforms) = preSolution
		Debug|Any CPU = Debug|Any CPU
		Release|Any CPU = Release|Any CPU
	EndGlobalSection
	GlobalSection(ProjectConfigurationPlatforms) = postSolution
		{EE40076C-980C-44F7-89A6-701383A6635A}.Debug|Any CPU.ActiveCfg = Debug|Any CPU
		{EE40076C-980C-44F7-89A6-701383A6635A}.Debug|Any CPU.Build.0 = Debug|Any CPU
		{EE40076C-980C-44F7-89A6-701383A6635A}.Release|Any CPU.ActiveCfg = Release|Any CPU
		{EE40076C-980C-44F7-89A6-701383A6635A}.Release|Any CPU.Build.0 = Release|Any CPU
	EndGlobalSection
	GlobalSection(SolutionProperties) = preSolution
		HideSolutionNode = FALSE
	EndGlobalSection
	GlobalSection(ExtensibilityGlobals) = postSolution
		SolutionGuid = {AD505BC9-AF5A-4F61-9D12-27BD40006142}
	EndGlobalSection
EndGlobal
